
Microsoft Visual Studio Solution File, Format Version 12.00
# Visual Studio Version 16
VisualStudioVersion = 25.0.1706.7
MinimumVisualStudioVersion = 10.0.40219.1
Project("{FAE04EC0-301F-11D3-BF4B-00C04F79EFBC}") = "adminBlazor", "adminBlazor\adminBlazor.csproj", "{2DE3A46C-E398-416B-9637-82D38AC8E35A}"
EndProject
Global
	GlobalSection(SolutionConfigurationPlatforms) = preSolution
		Debug|Any CPU = Debug|Any CPU
		Release|Any CPU = Release|Any CPU
	EndGlobalSection
	GlobalSection(ProjectConfigurationPlatforms) = postSolution
		{2DE3A46C-E398-416B-9637-82D38AC8E35A}.Debug|Any CPU.ActiveCfg = Debug|Any CPU
		{2DE3A46C-E398-416B-9637-82D38AC8E35A}.Debug|Any CPU.Build.0 = Debug|Any CPU
		{2DE3A46C-E398-416B-9637-82D38AC8E35A}.Release|Any CPU.ActiveCfg = Release|Any CPU
		{2DE3A46C-E398-416B-9637-82D38AC8E35A}.Release|Any CPU.Build.0 = Release|Any CPU
	EndGlobalSection
	GlobalSection(SolutionProperties) = preSolution
		HideSolutionNode = FALSE
	EndGlobalSection
	GlobalSection(ExtensibilityGlobals) = postSolution
		SolutionGuid = {7B3BD889-8DFE-4E98-BF5C-EE21875C33C0}
	EndGlobalSection
EndGlobal
